
Microsoft Visual Studio Solution File, Format Version 12.00
# Visual Studio 15
VisualStudioVersion = 15.0.28307.1705
MinimumVisualStudioVersion = 10.0.40219.1
Project("{FAE04EC0-301F-11D3-BF4B-00C04F79EFBC}") = "MvcRegDemo", "MvcRegDemo\MvcRegDemo.csproj", "{32B14CD4-DDA5-438A-A08C-C120D789CDD1}"
EndProject
Global
	GlobalSection(SolutionConfigurationPlatforms) = preSolution
		Debug|Any CPU = Debug|Any CPU
		Release|Any CPU = Release|Any CPU
	EndGlobalSection
	GlobalSection(ProjectConfigurationPlatforms) = postSolution
		{32B14CD4-DDA5-438A-A08C-C120D789CDD1}.Debug|Any CPU.ActiveCfg = Debug|Any CPU
		{32B14CD4-DDA5-438A-A08C-C120D789CDD1}.Debug|Any CPU.Build.0 = Debug|Any CPU
		{32B14CD4-DDA5-438A-A08C-C120D789CDD1}.Release|Any CPU.ActiveCfg = Release|Any CPU
		{32B14CD4-DDA5-438A-A08C-C120D789CDD1}.Release|Any CPU.Build.0 = Release|Any CPU
	EndGlobalSection
	GlobalSection(SolutionProperties) = preSolution
		HideSolutionNode = FALSE
	EndGlobalSection
	GlobalSection(ExtensibilityGlobals) = postSolution
		SolutionGuid = {759B655C-C2F8-4994-B541-E44EBA6B08D7}
	EndGlobalSection
EndGlobal
